// !$*UTF8*$!
{
	archiveVersion = 1;
	classes = {
	};
	objectVersion = 70;
	objects = {

/* Begin PBXBuildFile section */
		6000000000000000000001AB /* ArenaProtocolApp.swift in Sources */ = {isa = PBXBuildFile; fileRef = 5000000000000000000001AB /* ArenaProtocolApp.swift */; };
		6000000000000000000002AB /* DataStore.swift in Sources */ = {isa = PBXBuildFile; fileRef = 5000000000000000000002AB /* DataStore.swift */; };
		6000000000000000000003AB /* RootView.swift in Sources */ = {isa = PBXBuildFile; fileRef = 5000000000000000000003AB /* RootView.swift */; };
		6000000000000000000004AB /* HomeView.swift in Sources */ = {isa = PBXBuildFile; fileRef = 5000000000000000000004AB /* HomeView.swift */; };
		6000000000000000000005AB /* SelectView.swift in Sources */ = {isa = PBXBuildFile; fileRef = 5000000000000000000005AB /* SelectView.swift */; };
		6000000000000000000006AB /* ActiveSessionView.swift in Sources */ = {isa = PBXBuildFile; fileRef = 5000000000000000000006AB /* ActiveSessionView.swift */; };
		6000000000000000000007AB /* ProtocolsView.swift in Sources */ = {isa = PBXBuildFile; fileRef = 5000000000000000000007AB /* ProtocolsView.swift */; };
		6000000000000000000008AB /* MorningCheckinView.swift in Sources */ = {isa = PBXBuildFile; fileRef = 5000000000000000000008AB /* MorningCheckinView.swift */; };
		6000000000000000000009AB /* WindDownView.swift in Sources */ = {isa = PBXBuildFile; fileRef = 5000000000000000000009AB /* WindDownView.swift */; };
		600000000000000000000AAB /* HabitManagerView.swift in Sources */ = {isa = PBXBuildFile; fileRef = 500000000000000000000AAB /* HabitManagerView.swift */; };
		600000000000000000000BAB /* HistoryView.swift in Sources */ = {isa = PBXBuildFile; fileRef = 500000000000000000000BAB /* HistoryView.swift */; };
		600000000000000000000CAB /* NotesView.swift in Sources */ = {isa = PBXBuildFile; fileRef = 500000000000000000000CAB /* NotesView.swift */; };
		600000000000000000000DAB /* SettingsView.swift in Sources */ = {isa = PBXBuildFile; fileRef = 500000000000000000000DAB /* SettingsView.swift */; };
		600000000000000000000EAB /* StuckView.swift in Sources */ = {isa = PBXBuildFile; fileRef = 500000000000000000000EAB /* StuckView.swift */; };
		600000000000000000000FAB /* ArenaEditorView.swift in Sources */ = {isa = PBXBuildFile; fileRef = 500000000000000000000FAB /* ArenaEditorView.swift */; };
		6000000000000000000010AB /* ArenaCardView.swift in Sources */ = {isa = PBXBuildFile; fileRef = 5000000000000000000010AB /* ArenaCardView.swift */; };
		6000000000000000000011AB /* CircularTimerView.swift in Sources */ = {isa = PBXBuildFile; fileRef = 5000000000000000000011AB /* CircularTimerView.swift */; };
		6000000000000000000012AB /* AppShortcutsBar.swift in Sources */ = {isa = PBXBuildFile; fileRef = 5000000000000000000012AB /* AppShortcutsBar.swift */; };
		6000000000000000000013AB /* EmberDropModal.swift in Sources */ = {isa = PBXBuildFile; fileRef = 5000000000000000000013AB /* EmberDropModal.swift */; };
		6000000000000000000014AB /* ArenaProtocolTests.swift in Sources */ = {isa = PBXBuildFile; fileRef = 5000000000000000000015AB /* ArenaProtocolTests.swift */; };
		6000000000000000000016AB /* IntervalTimerView.swift in Sources */ = {isa = PBXBuildFile; fileRef = 5000000000000000000016AB /* IntervalTimerView.swift */; };
		6000000000000000000017AB /* CalendarManager.swift in Sources */ = {isa = PBXBuildFile; fileRef = 5000000000000000000017AB /* CalendarManager.swift */; };
		6000000000000000000018AB /* WhatsNewView.swift in Sources */ = {isa = PBXBuildFile; fileRef = 5000000000000000000018AB /* WhatsNewView.swift */; };
		6000000000000000000019AB /* SessionIntelligence.swift in Sources */ = {isa = PBXBuildFile; fileRef = 5000000000000000000019AB /* SessionIntelligence.swift */; };
		600000000000000000001AAB /* ForgeEngine.swift in Sources */ = {isa = PBXBuildFile; fileRef = 500000000000000000001AAB /* ForgeEngine.swift */; };
		CA3792362F685EA600A87FC1 /* ArenaLiveActivityAttributes.swift in Sources */ = {isa = PBXBuildFile; fileRef = CA3792352F685EA600A87FC1 /* ArenaLiveActivityAttributes.swift */; };
		CA3792372F685EA600A87FC1 /* ArenaLiveActivityAttributes.swift in Sources */ = {isa = PBXBuildFile; fileRef = CA3792352F685EA600A87FC1 /* ArenaLiveActivityAttributes.swift */; };
		CA3792392F685EA700A87FC1 /* ArenaProtocolWidgetExtension.appex in Embed Foundation Extensions */ = {isa = PBXBuildFile; fileRef = CA88FDCE2F6837930015A8AB /* ArenaProtocolWidgetExtension.appex */; settings = {ATTRIBUTES = (RemoveHeadersOnCopy, ); }; };
		CA6DE84D2F68E95400CBDDFF /* SwiftUI.framework in Frameworks */ = {isa = PBXBuildFile; fileRef = CA88FD7B2F6811D70015A8AB /* SwiftUI.framework */; };
		CA6DE84E2F68E95400CBDDFF /* SwiftUI.framework in Embed Frameworks */ = {isa = PBXBuildFile; fileRef = CA88FD7B2F6811D70015A8AB /* SwiftUI.framework */; settings = {ATTRIBUTES = (CodeSignOnCopy, RemoveHeadersOnCopy, ); }; };
		CA6DE8502F68E95500CBDDFF /* WidgetKit.framework in Frameworks */ = {isa = PBXBuildFile; fileRef = CA88FD792F6811D70015A8AB /* WidgetKit.framework */; };
		CA6DE8512F68E95500CBDDFF /* WidgetKit.framework in Embed Frameworks */ = {isa = PBXBuildFile; fileRef = CA88FD792F6811D70015A8AB /* WidgetKit.framework */; settings = {ATTRIBUTES = (CodeSignOnCopy, RemoveHeadersOnCopy, ); }; };
		CA88FDA92F6816550015A8AB /* SharedStore.swift in Sources */ = {isa = PBXBuildFile; fileRef = CA88FDA72F6816550015A8AB /* SharedStore.swift */; };
		CA88FE572F68515D0015A8AB /* SharedStore.swift in Sources */ = {isa = PBXBuildFile; fileRef = CA88FDA72F6816550015A8AB /* SharedStore.swift */; };
/* End PBXBuildFile section */

/* Begin PBXContainerItemProxy section */
		B000000000000000000001AB /* PBXContainerItemProxy */ = {
			isa = PBXContainerItemProxy;
			containerPortal = 1000000000000000000001AB /* Project object */;
			proxyType = 1;
			remoteGlobalIDString = 2000000000000000000001AB;
			remoteInfo = ArenaProtocol;
		};
		CA88FDDF2F6837950015A8AB /* PBXContainerItemProxy */ = {
			isa = PBXContainerItemProxy;
			containerPortal = 1000000000000000000001AB /* Project object */;
			proxyType = 1;
			remoteGlobalIDString = CA88FDCD2F6837930015A8AB;
			remoteInfo = ArenaProtocolWidgetExtension;
		};
/* End PBXContainerItemProxy section */

/* Begin PBXCopyFilesBuildPhase section */
		CA6DE84F2F68E95400CBDDFF /* Embed Frameworks */ = {
			isa = PBXCopyFilesBuildPhase;
			buildActionMask = 2147483647;
			dstPath = "";
			dstSubfolderSpec = 10;
			files = (
				CA6DE84E2F68E95400CBDDFF /* SwiftUI.framework in Embed Frameworks */,
				CA6DE8512F68E95500CBDDFF /* WidgetKit.framework in Embed Frameworks */,
			);
			name = "Embed Frameworks";
			runOnlyForDeploymentPostprocessing = 0;
		};
		CA88FD922F6811D80015A8AB /* Embed Foundation Extensions */ = {
			isa = PBXCopyFilesBuildPhase;
			buildActionMask = 2147483647;
			dstPath = "";
			dstSubfolderSpec = 13;
			files = (
				CA3792392F685EA700A87FC1 /* ArenaProtocolWidgetExtension.appex in Embed Foundation Extensions */,
			);
			name = "Embed Foundation Extensions";
			runOnlyForDeploymentPostprocessing = 0;
		};
/* End PBXCopyFilesBuildPhase section */

/* Begin PBXFileReference section */
		4000000000000000000001AB /* ArenaProtocol.app */ = {isa = PBXFileReference; explicitFileType = wrapper.application; includeInIndex = 0; path = ArenaProtocol.app; sourceTree = BUILT_PRODUCTS_DIR; };
		4000000000000000000002AB /* ArenaProtocolTests.xctest */ = {isa = PBXFileReference; explicitFileType = wrapper.cfbundle; includeInIndex = 0; path = ArenaProtocolTests.xctest; sourceTree = BUILT_PRODUCTS_DIR; };
		5000000000000000000001AB /* ArenaProtocolApp.swift */ = {isa = PBXFileReference; lastKnownFileType = sourcecode.swift; path = ArenaProtocolApp.swift; sourceTree = "<group>"; };
		5000000000000000000002AB /* DataStore.swift */ = {isa = PBXFileReference; lastKnownFileType = sourcecode.swift; path = DataStore.swift; sourceTree = "<group>"; };
		5000000000000000000003AB /* RootView.swift */ = {isa = PBXFileReference; lastKnownFileType = sourcecode.swift; path = RootView.swift; sourceTree = "<group>"; };
		5000000000000000000004AB /* HomeView.swift */ = {isa = PBXFileReference; lastKnownFileType = sourcecode.swift; path = HomeView.swift; sourceTree = "<group>"; };
		5000000000000000000005AB /* SelectView.swift */ = {isa = PBXFileReference; lastKnownFileType = sourcecode.swift; path = SelectView.swift; sourceTree = "<group>"; };
		5000000000000000000006AB /* ActiveSessionView.swift */ = {isa = PBXFileReference; lastKnownFileType = sourcecode.swift; path = ActiveSessionView.swift; sourceTree = "<group>"; };
		5000000000000000000007AB /* ProtocolsView.swift */ = {isa = PBXFileReference; lastKnownFileType = sourcecode.swift; path = ProtocolsView.swift; sourceTree = "<group>"; };
		5000000000000000000008AB /* MorningCheckinView.swift */ = {isa = PBXFileReference; lastKnownFileType = sourcecode.swift; path = MorningCheckinView.swift; sourceTree = "<group>"; };
		5000000000000000000009AB /* WindDownView.swift */ = {isa = PBXFileReference; lastKnownFileType = sourcecode.swift; path = WindDownView.swift; sourceTree = "<group>"; };
		500000000000000000000AAB /* HabitManagerView.swift */ = {isa = PBXFileReference; lastKnownFileType = sourcecode.swift; path = HabitManagerView.swift; sourceTree = "<group>"; };
		500000000000000000000BAB /* HistoryView.swift */ = {isa = PBXFileReference; lastKnownFileType = sourcecode.swift; path = HistoryView.swift; sourceTree = "<group>"; };
		500000000000000000000CAB /* NotesView.swift */ = {isa = PBXFileReference; lastKnownFileType = sourcecode.swift; path = NotesView.swift; sourceTree = "<group>"; };
		500000000000000000000DAB /* SettingsView.swift */ = {isa = PBXFileReference; lastKnownFileType = sourcecode.swift; path = SettingsView.swift; sourceTree = "<group>"; };
		500000000000000000000EAB /* StuckView.swift */ = {isa = PBXFileReference; lastKnownFileType = sourcecode.swift; path = StuckView.swift; sourceTree = "<group>"; };
		500000000000000000000FAB /* ArenaEditorView.swift */ = {isa = PBXFileReference; lastKnownFileType = sourcecode.swift; path = ArenaEditorView.swift; sourceTree = "<group>"; };
		5000000000000000000010AB /* ArenaCardView.swift */ = {isa = PBXFileReference; lastKnownFileType = sourcecode.swift; path = ArenaCardView.swift; sourceTree = "<group>"; };
		5000000000000000000011AB /* CircularTimerView.swift */ = {isa = PBXFileReference; lastKnownFileType = sourcecode.swift; path = CircularTimerView.swift; sourceTree = "<group>"; };
		5000000000000000000012AB /* AppShortcutsBar.swift */ = {isa = PBXFileReference; lastKnownFileType = sourcecode.swift; path = AppShortcutsBar.swift; sourceTree = "<group>"; };
		5000000000000000000013AB /* EmberDropModal.swift */ = {isa = PBXFileReference; lastKnownFileType = sourcecode.swift; path = EmberDropModal.swift; sourceTree = "<group>"; };
		5000000000000000000014AB /* Info.plist */ = {isa = PBXFileReference; lastKnownFileType = text.plist.xml; path = Info.plist; sourceTree = "<group>"; };
		5000000000000000000015AB /* ArenaProtocolTests.swift */ = {isa = PBXFileReference; lastKnownFileType = sourcecode.swift; path = ArenaProtocolTests.swift; sourceTree = "<group>"; };
		5000000000000000000016AB /* IntervalTimerView.swift */ = {isa = PBXFileReference; lastKnownFileType = sourcecode.swift; path = IntervalTimerView.swift; sourceTree = "<group>"; };
		5000000000000000000017AB /* CalendarManager.swift */ = {isa = PBXFileReference; lastKnownFileType = sourcecode.swift; path = CalendarManager.swift; sourceTree = "<group>"; };
		5000000000000000000018AB /* WhatsNewView.swift */ = {isa = PBXFileReference; lastKnownFileType = sourcecode.swift; path = WhatsNewView.swift; sourceTree = "<group>"; };
		5000000000000000000019AB /* SessionIntelligence.swift */ = {isa = PBXFileReference; lastKnownFileType = sourcecode.swift; path = SessionIntelligence.swift; sourceTree = "<group>"; };
		500000000000000000001AAB /* ForgeEngine.swift */ = {isa = PBXFileReference; lastKnownFileType = sourcecode.swift; path = ForgeEngine.swift; sourceTree = "<group>"; };
		CA3792352F685EA600A87FC1 /* ArenaLiveActivityAttributes.swift */ = {isa = PBXFileReference; lastKnownFileType = sourcecode.swift; path = ArenaLiveActivityAttributes.swift; sourceTree = "<group>"; };
		CA88FD792F6811D70015A8AB /* WidgetKit.framework */ = {isa = PBXFileReference; lastKnownFileType = wrapper.framework; name = WidgetKit.framework; path = System/Library/Frameworks/WidgetKit.framework; sourceTree = SDKROOT; };
		CA88FD7B2F6811D70015A8AB /* SwiftUI.framework */ = {isa = PBXFileReference; lastKnownFileType = wrapper.framework; name = SwiftUI.framework; path = System/Library/Frameworks/SwiftUI.framework; sourceTree = SDKROOT; };
		CA88FD952F6812A70015A8AB /* ArenaProtocol.entitlements */ = {isa = PBXFileReference; lastKnownFileType = text.plist.entitlements; path = ArenaProtocol.entitlements; sourceTree = "<group>"; };
		CA88FDA62F6815EC0015A8AB /* ArenaProtocolWidgetExtension.entitlements */ = {isa = PBXFileReference; lastKnownFileType = text.plist.entitlements; path = ArenaProtocolWidgetExtension.entitlements; sourceTree = "<group>"; };
		CA88FDA72F6816550015A8AB /* SharedStore.swift */ = {isa = PBXFileReference; lastKnownFileType = sourcecode.swift; path = SharedStore.swift; sourceTree = "<group>"; };
		CA88FDCE2F6837930015A8AB /* ArenaProtocolWidgetExtension.appex */ = {isa = PBXFileReference; explicitFileType = "wrapper.app-extension"; includeInIndex = 0; path = ArenaProtocolWidgetExtension.appex; sourceTree = BUILT_PRODUCTS_DIR; };
/* End PBXFileReference section */

/* Begin PBXFileSystemSynchronizedBuildFileExceptionSet section */
		CA3792242F685B3900A87FC1 /* PBXFileSystemSynchronizedBuildFileExceptionSet */ = {
			isa = PBXFileSystemSynchronizedBuildFileExceptionSet;
			membershipExceptions = (
				Info.plist,
			);
			target = CA88FDCD2F6837930015A8AB /* ArenaProtocolWidgetExtension */;
		};
/* End PBXFileSystemSynchronizedBuildFileExceptionSet section */

/* Begin PBXFileSystemSynchronizedRootGroup section */
		CA88FDD12F6837930015A8AB /* ArenaProtocolWidget */ = {isa = PBXFileSystemSynchronizedRootGroup; exceptions = (CA3792242F685B3900A87FC1 /* PBXFileSystemSynchronizedBuildFileExceptionSet */, ); explicitFileTypes = {}; explicitFolders = (); path = ArenaProtocolWidget; sourceTree = "<group>"; };
/* End PBXFileSystemSynchronizedRootGroup section */

/* Begin PBXFrameworksBuildPhase section */
		8000000000000000000003AB /* Frameworks */ = {
			isa = PBXFrameworksBuildPhase;
			buildActionMask = 2147483647;
			files = (
			);
			runOnlyForDeploymentPostprocessing = 0;
		};
		8000000000000000000006AB /* Frameworks */ = {
			isa = PBXFrameworksBuildPhase;
			buildActionMask = 2147483647;
			files = (
			);
			runOnlyForDeploymentPostprocessing = 0;
		};
		CA88FDCB2F6837930015A8AB /* Frameworks */ = {
			isa = PBXFrameworksBuildPhase;
			buildActionMask = 2147483647;
			files = (
				CA6DE84D2F68E95400CBDDFF /* SwiftUI.framework in Frameworks */,
				CA6DE8502F68E95500CBDDFF /* WidgetKit.framework in Frameworks */,
			);
			runOnlyForDeploymentPostprocessing = 0;
		};
/* End PBXFrameworksBuildPhase section */

/* Begin PBXGroup section */
		7000000000000000000001AB = {
			isa = PBXGroup;
			children = (
				CA88FDA72F6816550015A8AB /* SharedStore.swift */,
				CA88FDA62F6815EC0015A8AB /* ArenaProtocolWidgetExtension.entitlements */,
				7000000000000000000003AB /* ArenaProtocol */,
				7000000000000000000008AB /* Tests/ArenaProtocolTests */,
				CA88FDD12F6837930015A8AB /* ArenaProtocolWidget */,
				CA88FD782F6811D70015A8AB /* Frameworks */,
				7000000000000000000002AB /* Products */,
			);
			sourceTree = "<group>";
		};
		7000000000000000000002AB /* Products */ = {
			isa = PBXGroup;
			children = (
				4000000000000000000001AB /* ArenaProtocol.app */,
				4000000000000000000002AB /* ArenaProtocolTests.xctest */,
				CA88FDCE2F6837930015A8AB /* ArenaProtocolWidgetExtension.appex */,
			);
			name = Products;
			sourceTree = "<group>";
		};
		7000000000000000000003AB /* ArenaProtocol */ = {
			isa = PBXGroup;
			children = (
				CA3792352F685EA600A87FC1 /* ArenaLiveActivityAttributes.swift */,
				CA88FD952F6812A70015A8AB /* ArenaProtocol.entitlements */,
				5000000000000000000001AB /* ArenaProtocolApp.swift */,
				7000000000000000000004AB /* Models */,
				7000000000000000000005AB /* Views */,
				7000000000000000000006AB /* Components */,
				7000000000000000000007AB /* Resources */,
			);
			path = ArenaProtocol;
			sourceTree = "<group>";
		};
		7000000000000000000004AB /* Models */ = {
			isa = PBXGroup;
			children = (
				5000000000000000000002AB /* DataStore.swift */,
				5000000000000000000017AB /* CalendarManager.swift */,
				5000000000000000000019AB /* SessionIntelligence.swift */,
				500000000000000000001AAB /* ForgeEngine.swift */,
			);
			path = Models;
			sourceTree = "<group>";
		};
		7000000000000000000005AB /* Views */ = {
			isa = PBXGroup;
			children = (
				5000000000000000000003AB /* RootView.swift */,
				5000000000000000000004AB /* HomeView.swift */,
				5000000000000000000005AB /* SelectView.swift */,
				5000000000000000000006AB /* ActiveSessionView.swift */,
				5000000000000000000007AB /* ProtocolsView.swift */,
				5000000000000000000008AB /* MorningCheckinView.swift */,
				5000000000000000000009AB /* WindDownView.swift */,
				500000000000000000000AAB /* HabitManagerView.swift */,
				500000000000000000000BAB /* HistoryView.swift */,
				500000000000000000000CAB /* NotesView.swift */,
				500000000000000000000DAB /* SettingsView.swift */,
				500000000000000000000EAB /* StuckView.swift */,
				500000000000000000000FAB /* ArenaEditorView.swift */,
				5000000000000000000016AB /* IntervalTimerView.swift */,
				5000000000000000000018AB /* WhatsNewView.swift */,
			);
			path = Views;
			sourceTree = "<group>";
		};
		7000000000000000000006AB /* Components */ = {
			isa = PBXGroup;
			children = (
				5000000000000000000010AB /* ArenaCardView.swift */,
				5000000000000000000011AB /* CircularTimerView.swift */,
				5000000000000000000012AB /* AppShortcutsBar.swift */,
				5000000000000000000013AB /* EmberDropModal.swift */,
			);
			path = Components;
			sourceTree = "<group>";
		};
		7000000000000000000007AB /* Resources */ = {
			isa = PBXGroup;
			children = (
				5000000000000000000014AB /* Info.plist */,
			);
			path = Resources;
			sourceTree = "<group>";
		};
		7000000000000000000008AB /* Tests/ArenaProtocolTests */ = {
			isa = PBXGroup;
			children = (
				5000000000000000000015AB /* ArenaProtocolTests.swift */,
			);
			path = Tests/ArenaProtocolTests;
			sourceTree = "<group>";
		};
		CA88FD782F6811D70015A8AB /* Frameworks */ = {
			isa = PBXGroup;
			children = (
				CA88FD792F6811D70015A8AB /* WidgetKit.framework */,
				CA88FD7B2F6811D70015A8AB /* SwiftUI.framework */,
			);
			name = Frameworks;
			sourceTree = "<group>";
		};
/* End PBXGroup section */

/* Begin PBXNativeTarget section */
		2000000000000000000001AB /* ArenaProtocol */ = {
			isa = PBXNativeTarget;
			buildConfigurationList = 9000000000000000000002AB /* Build configuration list for PBXNativeTarget "ArenaProtocol" */;
			buildPhases = (
				8000000000000000000001AB /* Sources */,
				8000000000000000000002AB /* Resources */,
				8000000000000000000003AB /* Frameworks */,
				CA88FD922F6811D80015A8AB /* Embed Foundation Extensions */,
			);
			buildRules = (
			);
			dependencies = (
				CA88FDE02F6837950015A8AB /* PBXTargetDependency */,
			);
			name = ArenaProtocol;
			productName = ArenaProtocol;
			productReference = 4000000000000000000001AB /* ArenaProtocol.app */;
			productType = "com.apple.product-type.application";
		};
		3000000000000000000001AB /* ArenaProtocolTests */ = {
			isa = PBXNativeTarget;
			buildConfigurationList = 9000000000000000000003AB /* Build configuration list for PBXNativeTarget "ArenaProtocolTests" */;
			buildPhases = (
				8000000000000000000004AB /* Sources */,
				8000000000000000000005AB /* Resources */,
				8000000000000000000006AB /* Frameworks */,
			);
			buildRules = (
			);
			dependencies = (
				C000000000000000000001AB /* PBXTargetDependency */,
			);
			name = ArenaProtocolTests;
			productName = ArenaProtocolTests;
			productReference = 4000000000000000000002AB /* ArenaProtocolTests.xctest */;
			productType = "com.apple.product-type.bundle.unit-test";
		};
		CA88FDCD2F6837930015A8AB /* ArenaProtocolWidgetExtension */ = {
			isa = PBXNativeTarget;
			buildConfigurationList = CA88FDE42F6837950015A8AB /* Build configuration list for PBXNativeTarget "ArenaProtocolWidgetExtension" */;
			buildPhases = (
				CA88FDCA2F6837930015A8AB /* Sources */,
				CA88FDCB2F6837930015A8AB /* Frameworks */,
				CA88FDCC2F6837930015A8AB /* Resources */,
				CA6DE84F2F68E95400CBDDFF /* Embed Frameworks */,
			);
			buildRules = (
			);
			dependencies = (
			);
			fileSystemSynchronizedGroups = (
				CA88FDD12F6837930015A8AB /* ArenaProtocolWidget */,
			);
			name = ArenaProtocolWidgetExtension;
			packageProductDependencies = (
			);
			productName = ArenaProtocolWidgetExtension;
			productReference = CA88FDCE2F6837930015A8AB /* ArenaProtocolWidgetExtension.appex */;
			productType = "com.apple.product-type.app-extension";
		};
/* End PBXNativeTarget section */

/* Begin PBXProject section */
		1000000000000000000001AB /* Project object */ = {
			isa = PBXProject;
			attributes = {
				BuildIndependentTargetsInParallel = 1;
				LastSwiftUpdateCheck = 2630;
				LastUpgradeCheck = 2630;
				TargetAttributes = {
					2000000000000000000001AB = {
						CreatedOnToolsVersion = 16.2;
					};
					3000000000000000000001AB = {
						CreatedOnToolsVersion = 16.2;
						TestTargetID = 2000000000000000000001AB;
					};
					CA88FDCD2F6837930015A8AB = {
						CreatedOnToolsVersion = 26.3;
					};
				};
			};
			buildConfigurationList = 9000000000000000000001AB /* Build configuration list for PBXProject "ArenaProtocol" */;
			compatibilityVersion = "Xcode 14.0";
			developmentRegion = en;
			hasScannedForEncodings = 0;
			knownRegions = (
				en,
				Base,
			);
			mainGroup = 7000000000000000000001AB;
			productRefGroup = 7000000000000000000002AB /* Products */;
			projectDirPath = "";
			projectRoot = "";
			targets = (
				2000000000000000000001AB /* ArenaProtocol */,
				3000000000000000000001AB /* ArenaProtocolTests */,
				CA88FDCD2F6837930015A8AB /* ArenaProtocolWidgetExtension */,
			);
		};
/* End PBXProject section */

/* Begin PBXResourcesBuildPhase section */
		8000000000000000000002AB /* Resources */ = {
			isa = PBXResourcesBuildPhase;
			buildActionMask = 2147483647;
			files = (
			);
			runOnlyForDeploymentPostprocessing = 0;
		};
		8000000000000000000005AB /* Resources */ = {
			isa = PBXResourcesBuildPhase;
			buildActionMask = 2147483647;
			files = (
			);
			runOnlyForDeploymentPostprocessing = 0;
		};
		CA88FDCC2F6837930015A8AB /* Resources */ = {
			isa = PBXResourcesBuildPhase;
			buildActionMask = 2147483647;
			files = (
			);
			runOnlyForDeploymentPostprocessing = 0;
		};
/* End PBXResourcesBuildPhase section */

/* Begin PBXSourcesBuildPhase section */
		8000000000000000000001AB /* Sources */ = {
			isa = PBXSourcesBuildPhase;
			buildActionMask = 2147483647;
			files = (
				CA88FDA92F6816550015A8AB /* SharedStore.swift in Sources */,
				6000000000000000000001AB /* ArenaProtocolApp.swift in Sources */,
				6000000000000000000002AB /* DataStore.swift in Sources */,
				6000000000000000000017AB /* CalendarManager.swift in Sources */,
				6000000000000000000019AB /* SessionIntelligence.swift in Sources */,
				600000000000000000001AAB /* ForgeEngine.swift in Sources */,
				CA3792362F685EA600A87FC1 /* ArenaLiveActivityAttributes.swift in Sources */,
				6000000000000000000003AB /* RootView.swift in Sources */,
				6000000000000000000004AB /* HomeView.swift in Sources */,
				6000000000000000000005AB /* SelectView.swift in Sources */,
				6000000000000000000006AB /* ActiveSessionView.swift in Sources */,
				6000000000000000000007AB /* ProtocolsView.swift in Sources */,
				6000000000000000000008AB /* MorningCheckinView.swift in Sources */,
				6000000000000000000009AB /* WindDownView.swift in Sources */,
				600000000000000000000AAB /* HabitManagerView.swift in Sources */,
				600000000000000000000BAB /* HistoryView.swift in Sources */,
				600000000000000000000CAB /* NotesView.swift in Sources */,
				600000000000000000000DAB /* SettingsView.swift in Sources */,
				600000000000000000000EAB /* StuckView.swift in Sources */,
				600000000000000000000FAB /* ArenaEditorView.swift in Sources */,
				6000000000000000000016AB /* IntervalTimerView.swift in Sources */,
				6000000000000000000018AB /* WhatsNewView.swift in Sources */,
				6000000000000000000010AB /* ArenaCardView.swift in Sources */,
				6000000000000000000011AB /* CircularTimerView.swift in Sources */,
				6000000000000000000012AB /* AppShortcutsBar.swift in Sources */,
				6000000000000000000013AB /* EmberDropModal.swift in Sources */,
			);
			runOnlyForDeploymentPostprocessing = 0;
		};
		8000000000000000000004AB /* Sources */ = {
			isa = PBXSourcesBuildPhase;
			buildActionMask = 2147483647;
			files = (
				6000000000000000000014AB /* ArenaProtocolTests.swift in Sources */,
			);
			runOnlyForDeploymentPostprocessing = 0;
		};
		CA88FDCA2F6837930015A8AB /* Sources */ = {
			isa = PBXSourcesBuildPhase;
			buildActionMask = 2147483647;
			files = (
				CA88FE572F68515D0015A8AB /* SharedStore.swift in Sources */,
				CA3792372F685EA600A87FC1 /* ArenaLiveActivityAttributes.swift in Sources */,
			);
			runOnlyForDeploymentPostprocessing = 0;
		};
/* End PBXSourcesBuildPhase section */

/* Begin PBXTargetDependency section */
		C000000000000000000001AB /* PBXTargetDependency */ = {
			isa = PBXTargetDependency;
			target = 2000000000000000000001AB /* ArenaProtocol */;
			targetProxy = B000000000000000000001AB /* PBXContainerItemProxy */;
		};
		CA88FDE02F6837950015A8AB /* PBXTargetDependency */ = {
			isa = PBXTargetDependency;
			target = CA88FDCD2F6837930015A8AB /* ArenaProtocolWidgetExtension */;
			targetProxy = CA88FDDF2F6837950015A8AB /* PBXContainerItemProxy */;
		};
/* End PBXTargetDependency section */

/* Begin XCBuildConfiguration section */
		A000000000000000000001AB /* Debug */ = {
			isa = XCBuildConfiguration;
			buildSettings = {
				ALWAYS_SEARCH_USER_PATHS = NO;
				ASSETCATALOG_COMPILER_GENERATE_SWIFT_ASSET_SYMBOL_EXTENSIONS = YES;
				CLANG_ANALYZER_NONNULL = YES;
				CLANG_ANALYZER_NUMBER_OBJECT_CONVERSION = YES_AGGRESSIVE;
				CLANG_CXX_LANGUAGE_STANDARD = "gnu++20";
				CLANG_ENABLE_MODULES = YES;
				CLANG_ENABLE_OBJC_ARC = YES;
				CLANG_ENABLE_OBJC_WEAK = YES;
				CLANG_WARN_BLOCK_CAPTURE_AUTORELEASING = YES;
				CLANG_WARN_BOOL_CONVERSION = YES;
				CLANG_WARN_COMMA = YES;
				CLANG_WARN_CONSTANT_CONVERSION = YES;
				CLANG_WARN_DEPRECATED_OBJC_IMPLEMENTATIONS = YES;
				CLANG_WARN_DIRECT_OBJC_ISA_USAGE = YES_ERROR;
				CLANG_WARN_DOCUMENTATION_COMMENTS = YES;
				CLANG_WARN_EMPTY_BODY = YES;
				CLANG_WARN_ENUM_CONVERSION = YES;
				CLANG_WARN_INFINITE_RECURSION = YES;
				CLANG_WARN_INT_CONVERSION = YES;
				CLANG_WARN_NON_LITERAL_NULL_CONVERSION = YES;
				CLANG_WARN_OBJC_IMPLICIT_RETAIN_SELF = YES;
				CLANG_WARN_OBJC_LITERAL_CONVERSION = YES;
				CLANG_WARN_OBJC_ROOT_CLASS = YES_ERROR;
				CLANG_WARN_QUOTED_INCLUDE_IN_FRAMEWORK_HEADER = YES;
				CLANG_WARN_RANGE_LOOP_ANALYSIS = YES;
				CLANG_WARN_STRICT_PROTOTYPES = YES;
				CLANG_WARN_SUSPICIOUS_MOVE = YES;
				CLANG_WARN_UNGUARDED_AVAILABILITY = YES_AGGRESSIVE;
				CLANG_WARN_UNREACHABLE_CODE = YES;
				CLANG_WARN__DUPLICATE_METHOD_MATCH = YES;
				COPY_PHASE_STRIP = NO;
				DEBUG_INFORMATION_FORMAT = dwarf;
				ENABLE_STRICT_OBJC_MSGSEND = YES;
				ENABLE_TESTABILITY = YES;
				ENABLE_USER_SCRIPT_SANDBOXING = YES;
				GCC_C_LANGUAGE_STANDARD = gnu17;
				GCC_DYNAMIC_NO_PIC = NO;
				GCC_NO_COMMON_BLOCKS = YES;
				GCC_OPTIMIZATION_LEVEL = 0;
				GCC_PREPROCESSOR_DEFINITIONS = (
					"DEBUG=1",
					"$(inherited)",
				);
				GCC_WARN_64_TO_32_BIT_CONVERSION = YES;
				GCC_WARN_ABOUT_RETURN_TYPE = YES_ERROR;
				GCC_WARN_UNDECLARED_SELECTOR = YES;
				GCC_WARN_UNINITIALIZED_AUTOS = YES_AGGRESSIVE;
				GCC_WARN_UNUSED_FUNCTION = YES;
				GCC_WARN_UNUSED_VARIABLE = YES;
				IPHONEOS_DEPLOYMENT_TARGET = 18.0;
				LOCALIZATION_PREFERS_STRING_CATALOGS = YES;
				MTL_ENABLE_DEBUG_INFO = INCLUDE_SOURCE;
				MTL_FAST_MATH = YES;
				ONLY_ACTIVE_ARCH = YES;
				SDKROOT = iphoneos;
				STRING_CATALOG_GENERATE_SYMBOLS = YES;
				SWIFT_ACTIVE_COMPILATION_CONDITIONS = "DEBUG $(inherited)";
				SWIFT_OPTIMIZATION_LEVEL = "-Onone";
			};
			name = Debug;
		};
		A000000000000000000002AB /* Release */ = {
			isa = XCBuildConfiguration;
			buildSettings = {
				ALWAYS_SEARCH_USER_PATHS = NO;
				ASSETCATALOG_COMPILER_GENERATE_SWIFT_ASSET_SYMBOL_EXTENSIONS = YES;
				CLANG_ANALYZER_NONNULL = YES;
				CLANG_ANALYZER_NUMBER_OBJECT_CONVERSION = YES_AGGRESSIVE;
				CLANG_CXX_LANGUAGE_STANDARD = "gnu++20";
				CLANG_ENABLE_MODULES = YES;
				CLANG_ENABLE_OBJC_ARC = YES;
				CLANG_ENABLE_OBJC_WEAK = YES;
				CLANG_WARN_BLOCK_CAPTURE_AUTORELEASING = YES;
				CLANG_WARN_BOOL_CONVERSION = YES;
				CLANG_WARN_COMMA = YES;
				CLANG_WARN_CONSTANT_CONVERSION = YES;
				CLANG_WARN_DEPRECATED_OBJC_IMPLEMENTATIONS = YES;
				CLANG_WARN_DIRECT_OBJC_ISA_USAGE = YES_ERROR;
				CLANG_WARN_DOCUMENTATION_COMMENTS = YES;
				CLANG_WARN_EMPTY_BODY = YES;
				CLANG_WARN_ENUM_CONVERSION = YES;
				CLANG_WARN_INFINITE_RECURSION = YES;
				CLANG_WARN_INT_CONVERSION = YES;
				CLANG_WARN_NON_LITERAL_NULL_CONVERSION = YES;
				CLANG_WARN_OBJC_IMPLICIT_RETAIN_SELF = YES;
				CLANG_WARN_OBJC_LITERAL_CONVERSION = YES;
				CLANG_WARN_OBJC_ROOT_CLASS = YES_ERROR;
				CLANG_WARN_QUOTED_INCLUDE_IN_FRAMEWORK_HEADER = YES;
				CLANG_WARN_RANGE_LOOP_ANALYSIS = YES;
				CLANG_WARN_STRICT_PROTOTYPES = YES;
				CLANG_WARN_SUSPICIOUS_MOVE = YES;
				CLANG_WARN_UNGUARDED_AVAILABILITY = YES_AGGRESSIVE;
				CLANG_WARN_UNREACHABLE_CODE = YES;
				CLANG_WARN__DUPLICATE_METHOD_MATCH = YES;
				COPY_PHASE_STRIP = NO;
				DEBUG_INFORMATION_FORMAT = "dwarf-with-dsym";
				ENABLE_NS_ASSERTIONS = NO;
				ENABLE_STRICT_OBJC_MSGSEND = YES;
				ENABLE_USER_SCRIPT_SANDBOXING = YES;
				GCC_C_LANGUAGE_STANDARD = gnu17;
				GCC_NO_COMMON_BLOCKS = YES;
				GCC_WARN_64_TO_32_BIT_CONVERSION = YES;
				GCC_WARN_ABOUT_RETURN_TYPE = YES_ERROR;
				GCC_WARN_UNDECLARED_SELECTOR = YES;
				GCC_WARN_UNINITIALIZED_AUTOS = YES_AGGRESSIVE;
				GCC_WARN_UNUSED_FUNCTION = YES;
				GCC_WARN_UNUSED_VARIABLE = YES;
				IPHONEOS_DEPLOYMENT_TARGET = 18.0;
				LOCALIZATION_PREFERS_STRING_CATALOGS = YES;
				MTL_FAST_MATH = YES;
				SDKROOT = iphoneos;
				STRING_CATALOG_GENERATE_SYMBOLS = YES;
				SWIFT_COMPILATION_MODE = wholemodule;
				VALIDATE_PRODUCT = YES;
			};
			name = Release;
		};
		A000000000000000000003AB /* Debug */ = {
			isa = XCBuildConfiguration;
			buildSettings = {
				ASSETCATALOG_COMPILER_APPICON_NAME = AppIcon;
				ASSETCATALOG_COMPILER_GLOBAL_ACCENT_COLOR_NAME = AccentColor;
				CODE_SIGN_ENTITLEMENTS = ArenaProtocol/ArenaProtocol.entitlements;
				CODE_SIGN_STYLE = Automatic;
				CURRENT_PROJECT_VERSION = 2;
				DEVELOPMENT_TEAM = 3JSC7C9U7N;
				ENABLE_PREVIEWS = YES;
				GENERATE_INFOPLIST_FILE = NO;
				INFOPLIST_FILE = ArenaProtocol/Resources/Info.plist;
				INFOPLIST_KEY_UIApplicationSceneManifest_Generation = YES;
				INFOPLIST_KEY_UIApplicationSupportsIndirectInputEvents = YES;
				INFOPLIST_KEY_UILaunchScreen_Generation = YES;
				INFOPLIST_KEY_UISupportedInterfaceOrientations_iPhone = "UIInterfaceOrientationPortrait UIInterfaceOrientationLandscapeLeft UIInterfaceOrientationLandscapeRight";
				IPHONEOS_DEPLOYMENT_TARGET = 18.6;
				LD_RUNPATH_SEARCH_PATHS = (
					"$(inherited)",
					"@executable_path/Frameworks",
				);
				MARKETING_VERSION = 2.0.4;
				PRODUCT_BUNDLE_IDENTIFIER = com.arenaprotocol.app;
				PRODUCT_NAME = ArenaProtocol;
				SWIFT_EMIT_LOC_STRINGS = YES;
				SWIFT_VERSION = 6.0;
				TARGETED_DEVICE_FAMILY = 1;
			};
			name = Debug;
		};
		A000000000000000000004AB /* Release */ = {
			isa = XCBuildConfiguration;
			buildSettings = {
				ASSETCATALOG_COMPILER_APPICON_NAME = AppIcon;
				ASSETCATALOG_COMPILER_GLOBAL_ACCENT_COLOR_NAME = AccentColor;
				CODE_SIGN_ENTITLEMENTS = ArenaProtocol/ArenaProtocol.entitlements;
				CODE_SIGN_STYLE = Automatic;
				CURRENT_PROJECT_VERSION = 2;
				DEVELOPMENT_TEAM = 3JSC7C9U7N;
				ENABLE_PREVIEWS = YES;
				GENERATE_INFOPLIST_FILE = NO;
				INFOPLIST_FILE = ArenaProtocol/Resources/Info.plist;
				INFOPLIST_KEY_UIApplicationSceneManifest_Generation = YES;
				INFOPLIST_KEY_UIApplicationSupportsIndirectInputEvents = YES;
				INFOPLIST_KEY_UILaunchScreen_Generation = YES;
				INFOPLIST_KEY_UISupportedInterfaceOrientations_iPhone = "UIInterfaceOrientationPortrait UIInterfaceOrientationLandscapeLeft UIInterfaceOrientationLandscapeRight";
				IPHONEOS_DEPLOYMENT_TARGET = 18.6;
				LD_RUNPATH_SEARCH_PATHS = (
					"$(inherited)",
					"@executable_path/Frameworks",
				);
				MARKETING_VERSION = 2.0.4;
				PRODUCT_BUNDLE_IDENTIFIER = com.arenaprotocol.app;
				PRODUCT_NAME = ArenaProtocol;
				SWIFT_EMIT_LOC_STRINGS = YES;
				SWIFT_VERSION = 6.0;
				TARGETED_DEVICE_FAMILY = 1;
			};
			name = Release;
		};
		A000000000000000000005AB /* Debug */ = {
			isa = XCBuildConfiguration;
			buildSettings = {
				BUNDLE_LOADER = "$(TEST_HOST)";
				CODE_SIGN_STYLE = Automatic;
				CURRENT_PROJECT_VERSION = 2;
				DEVELOPMENT_TEAM = "$(DEVELOPMENT_TEAM)";
				GENERATE_INFOPLIST_FILE = YES;
				IPHONEOS_DEPLOYMENT_TARGET = 18.0;
				MARKETING_VERSION = 2.0.4;
				PRODUCT_BUNDLE_IDENTIFIER = com.arenaprotocol.ArenaProtocolTests;
				PRODUCT_NAME = "$(TARGET_NAME)";
				SWIFT_EMIT_LOC_STRINGS = NO;
				SWIFT_VERSION = 6.0;
				TARGETED_DEVICE_FAMILY = 1;
				TEST_HOST = "$(BUILT_PRODUCTS_DIR)/ArenaProtocol.app/$(BUNDLE_EXECUTABLE_FOLDER_PATH)/ArenaProtocol";
			};
			name = Debug;
		};
		A000000000000000000006AB /* Release */ = {
			isa = XCBuildConfiguration;
			buildSettings = {
				BUNDLE_LOADER = "$(TEST_HOST)";
				CODE_SIGN_STYLE = Automatic;
				CURRENT_PROJECT_VERSION = 2;
				DEVELOPMENT_TEAM = "$(DEVELOPMENT_TEAM)";
				GENERATE_INFOPLIST_FILE = YES;
				IPHONEOS_DEPLOYMENT_TARGET = 18.0;
				MARKETING_VERSION = 2.0.4;
				PRODUCT_BUNDLE_IDENTIFIER = com.arenaprotocol.ArenaProtocolTests;
				PRODUCT_NAME = "$(TARGET_NAME)";
				SWIFT_EMIT_LOC_STRINGS = NO;
				SWIFT_VERSION = 6.0;
				TARGETED_DEVICE_FAMILY = 1;
				TEST_HOST = "$(BUILT_PRODUCTS_DIR)/ArenaProtocol.app/$(BUNDLE_EXECUTABLE_FOLDER_PATH)/ArenaProtocol";
			};
			name = Release;
		};
		CA88FDE12F6837950015A8AB /* Debug */ = {
			isa = XCBuildConfiguration;
			buildSettings = {
				ASSETCATALOG_COMPILER_GLOBAL_ACCENT_COLOR_NAME = AccentColor;
				ASSETCATALOG_COMPILER_WIDGET_BACKGROUND_COLOR_NAME = WidgetBackground;
				CODE_SIGN_ENTITLEMENTS = ArenaProtocolWidgetExtension.entitlements;
				CODE_SIGN_STYLE = Automatic;
				CURRENT_PROJECT_VERSION = 2;
				DEVELOPMENT_TEAM = 3JSC7C9U7N;
				GENERATE_INFOPLIST_FILE = NO;
				INFOPLIST_FILE = ArenaProtocolWidget/Info.plist;
				INFOPLIST_KEY_CFBundleDisplayName = ArenaProtocolWidgetExtension;
				INFOPLIST_KEY_NSHumanReadableCopyright = "";
				IPHONEOS_DEPLOYMENT_TARGET = 18.6;
				LD_RUNPATH_SEARCH_PATHS = (
					"$(inherited)",
					"@executable_path/Frameworks",
					"@executable_path/../../Frameworks",
				);
				MARKETING_VERSION = 2.0.4;
				PRODUCT_BUNDLE_IDENTIFIER = com.arenaprotocol.app.ArenaProtocolWidget;
				PRODUCT_NAME = "$(TARGET_NAME)";
				SKIP_INSTALL = YES;
				STRING_CATALOG_GENERATE_SYMBOLS = YES;
				SWIFT_APPROACHABLE_CONCURRENCY = YES;
				SWIFT_EMIT_LOC_STRINGS = YES;
				SWIFT_UPCOMING_FEATURE_MEMBER_IMPORT_VISIBILITY = YES;
				SWIFT_VERSION = 6.0;
				TARGETED_DEVICE_FAMILY = "1,2";
			};
			name = Debug;
		};
		CA88FDE22F6837950015A8AB /* Release */ = {
			isa = XCBuildConfiguration;
			buildSettings = {
				ASSETCATALOG_COMPILER_GLOBAL_ACCENT_COLOR_NAME = AccentColor;
				ASSETCATALOG_COMPILER_WIDGET_BACKGROUND_COLOR_NAME = WidgetBackground;
				CODE_SIGN_ENTITLEMENTS = ArenaProtocolWidgetExtension.entitlements;
				CODE_SIGN_STYLE = Automatic;
				CURRENT_PROJECT_VERSION = 2;
				DEVELOPMENT_TEAM = 3JSC7C9U7N;
				GENERATE_INFOPLIST_FILE = NO;
				INFOPLIST_FILE = ArenaProtocolWidget/Info.plist;
				INFOPLIST_KEY_CFBundleDisplayName = ArenaProtocolWidgetExtension;
				INFOPLIST_KEY_NSHumanReadableCopyright = "";
				IPHONEOS_DEPLOYMENT_TARGET = 18.6;
				LD_RUNPATH_SEARCH_PATHS = (
					"$(inherited)",
					"@executable_path/Frameworks",
					"@executable_path/../../Frameworks",
				);
				MARKETING_VERSION = 2.0.4;
				MTL_ENABLE_DEBUG_INFO = NO;
				PRODUCT_BUNDLE_IDENTIFIER = com.arenaprotocol.app.ArenaProtocolWidget;
				PRODUCT_NAME = "$(TARGET_NAME)";
				SKIP_INSTALL = YES;
				STRING_CATALOG_GENERATE_SYMBOLS = YES;
				SWIFT_APPROACHABLE_CONCURRENCY = YES;
				SWIFT_EMIT_LOC_STRINGS = YES;
				SWIFT_UPCOMING_FEATURE_MEMBER_IMPORT_VISIBILITY = YES;
				SWIFT_VERSION = 6.0;
				TARGETED_DEVICE_FAMILY = "1,2";
			};
			name = Release;
		};
/* End XCBuildConfiguration section */

/* Begin XCConfigurationList section */
		9000000000000000000001AB /* Build configuration list for PBXProject "ArenaProtocol" */ = {
			isa = XCConfigurationList;
			buildConfigurations = (
				A000000000000000000001AB /* Debug */,
				A000000000000000000002AB /* Release */,
			);
			defaultConfigurationIsVisible = 0;
			defaultConfigurationName = Release;
		};
		9000000000000000000002AB /* Build configuration list for PBXNativeTarget "ArenaProtocol" */ = {
			isa = XCConfigurationList;
			buildConfigurations = (
				A000000000000000000003AB /* Debug */,
				A000000000000000000004AB /* Release */,
			);
			defaultConfigurationIsVisible = 0;
			defaultConfigurationName = Release;
		};
		9000000000000000000003AB /* Build configuration list for PBXNativeTarget "ArenaProtocolTests" */ = {
			isa = XCConfigurationList;
			buildConfigurations = (
				A000000000000000000005AB /* Debug */,
				A000000000000000000006AB /* Release */,
			);
			defaultConfigurationIsVisible = 0;
			defaultConfigurationName = Release;
		};
		CA88FDE42F6837950015A8AB /* Build configuration list for PBXNativeTarget "ArenaProtocolWidgetExtension" */ = {
			isa = XCConfigurationList;
			buildConfigurations = (
				CA88FDE12F6837950015A8AB /* Debug */,
				CA88FDE22F6837950015A8AB /* Release */,
			);
			defaultConfigurationIsVisible = 0;
			defaultConfigurationName = Release;
		};
/* End XCConfigurationList section */
	};
	rootObject = 1000000000000000000001AB /* Project object */;
}
