// !$*UTF8*$!
{
	archiveVersion = 1;
	classes = {
	};
	objectVersion = 56;
	objects = {

/* Begin PBXBuildFile section */
		BBBB00000000000000000001 /* ArenaProtocolApp.swift in Sources */ = {isa = PBXBuildFile; fileRef = AAAA00000000000000000001 /* ArenaProtocolApp.swift */; };
		BBBB00000000000000000002 /* AppShortcutsBar.swift in Sources */ = {isa = PBXBuildFile; fileRef = AAAA00000000000000000002 /* AppShortcutsBar.swift */; };
		BBBB00000000000000000003 /* ArenaCardView.swift in Sources */ = {isa = PBXBuildFile; fileRef = AAAA00000000000000000003 /* ArenaCardView.swift */; };
		BBBB00000000000000000004 /* CircularTimerView.swift in Sources */ = {isa = PBXBuildFile; fileRef = AAAA00000000000000000004 /* CircularTimerView.swift */; };
		BBBB00000000000000000005 /* EmberDropModal.swift in Sources */ = {isa = PBXBuildFile; fileRef = AAAA00000000000000000005 /* EmberDropModal.swift */; };
		BBBB00000000000000000006 /* DataStore.swift in Sources */ = {isa = PBXBuildFile; fileRef = AAAA00000000000000000006 /* DataStore.swift */; };
		BBBB00000000000000000008 /* ActiveSessionView.swift in Sources */ = {isa = PBXBuildFile; fileRef = AAAA00000000000000000008 /* ActiveSessionView.swift */; };
		BBBB00000000000000000009 /* ArenaEditorView.swift in Sources */ = {isa = PBXBuildFile; fileRef = AAAA00000000000000000009 /* ArenaEditorView.swift */; };
		BBBB0000000000000000000A /* HabitManagerView.swift in Sources */ = {isa = PBXBuildFile; fileRef = AAAA0000000000000000000A /* HabitManagerView.swift */; };
		BBBB0000000000000000000B /* HistoryView.swift in Sources */ = {isa = PBXBuildFile; fileRef = AAAA0000000000000000000B /* HistoryView.swift */; };
		BBBB0000000000000000000C /* HomeView.swift in Sources */ = {isa = PBXBuildFile; fileRef = AAAA0000000000000000000C /* HomeView.swift */; };
		BBBB0000000000000000000D /* MorningCheckinView.swift in Sources */ = {isa = PBXBuildFile; fileRef = AAAA0000000000000000000D /* MorningCheckinView.swift */; };
		BBBB0000000000000000000E /* NotesView.swift in Sources */ = {isa = PBXBuildFile; fileRef = AAAA0000000000000000000E /* NotesView.swift */; };
		BBBB0000000000000000000F /* ProtocolsView.swift in Sources */ = {isa = PBXBuildFile; fileRef = AAAA0000000000000000000F /* ProtocolsView.swift */; };
		BBBB00000000000000000010 /* RootView.swift in Sources */ = {isa = PBXBuildFile; fileRef = AAAA00000000000000000010 /* RootView.swift */; };
		BBBB00000000000000000011 /* SelectView.swift in Sources */ = {isa = PBXBuildFile; fileRef = AAAA00000000000000000011 /* SelectView.swift */; };
		BBBB00000000000000000012 /* SettingsView.swift in Sources */ = {isa = PBXBuildFile; fileRef = AAAA00000000000000000012 /* SettingsView.swift */; };
		BBBB00000000000000000013 /* StuckView.swift in Sources */ = {isa = PBXBuildFile; fileRef = AAAA00000000000000000013 /* StuckView.swift */; };
		BBBB00000000000000000014 /* WindDownView.swift in Sources */ = {isa = PBXBuildFile; fileRef = AAAA00000000000000000014 /* WindDownView.swift */; };
		CCCC00000000000000000001 /* ArenaProtocolTests.swift in Sources */ = {isa = PBXBuildFile; fileRef = AAAA00000000000000000015 /* ArenaProtocolTests.swift */; };
/* End PBXBuildFile section */

/* Begin PBXContainerItemProxy section */
		TTTT00000000000000000002 /* PBXContainerItemProxy */ = {
			isa = PBXContainerItemProxy;
			containerPortal = FFFF00000000000000000001 /* Project object */;
			proxyType = 1;
			remoteGlobalIDString = EEEE00000000000000000001;
			remoteInfo = ArenaProtocol;
		};
/* End PBXContainerItemProxy section */

/* Begin PBXFileReference section */
		AAAA00000000000000000001 /* ArenaProtocolApp.swift */ = {isa = PBXFileReference; lastKnownFileType = sourcecode.swift; path = ArenaProtocolApp.swift; sourceTree = "<group>"; };
		AAAA00000000000000000002 /* AppShortcutsBar.swift */ = {isa = PBXFileReference; lastKnownFileType = sourcecode.swift; path = AppShortcutsBar.swift; sourceTree = "<group>"; };
		AAAA00000000000000000003 /* ArenaCardView.swift */ = {isa = PBXFileReference; lastKnownFileType = sourcecode.swift; path = ArenaCardView.swift; sourceTree = "<group>"; };
		AAAA00000000000000000004 /* CircularTimerView.swift */ = {isa = PBXFileReference; lastKnownFileType = sourcecode.swift; path = CircularTimerView.swift; sourceTree = "<group>"; };
		AAAA00000000000000000005 /* EmberDropModal.swift */ = {isa = PBXFileReference; lastKnownFileType = sourcecode.swift; path = EmberDropModal.swift; sourceTree = "<group>"; };
		AAAA00000000000000000006 /* DataStore.swift */ = {isa = PBXFileReference; lastKnownFileType = sourcecode.swift; path = DataStore.swift; sourceTree = "<group>"; };
		AAAA00000000000000000007 /* Info.plist */ = {isa = PBXFileReference; lastKnownFileType = text.plist.xml; path = Info.plist; sourceTree = "<group>"; };
		AAAA00000000000000000008 /* ActiveSessionView.swift */ = {isa = PBXFileReference; lastKnownFileType = sourcecode.swift; path = ActiveSessionView.swift; sourceTree = "<group>"; };
		AAAA00000000000000000009 /* ArenaEditorView.swift */ = {isa = PBXFileReference; lastKnownFileType = sourcecode.swift; path = ArenaEditorView.swift; sourceTree = "<group>"; };
		AAAA0000000000000000000A /* HabitManagerView.swift */ = {isa = PBXFileReference; lastKnownFileType = sourcecode.swift; path = HabitManagerView.swift; sourceTree = "<group>"; };
		AAAA0000000000000000000B /* HistoryView.swift */ = {isa = PBXFileReference; lastKnownFileType = sourcecode.swift; path = HistoryView.swift; sourceTree = "<group>"; };
		AAAA0000000000000000000C /* HomeView.swift */ = {isa = PBXFileReference; lastKnownFileType = sourcecode.swift; path = HomeView.swift; sourceTree = "<group>"; };
		AAAA0000000000000000000D /* MorningCheckinView.swift */ = {isa = PBXFileReference; lastKnownFileType = sourcecode.swift; path = MorningCheckinView.swift; sourceTree = "<group>"; };
		AAAA0000000000000000000E /* NotesView.swift */ = {isa = PBXFileReference; lastKnownFileType = sourcecode.swift; path = NotesView.swift; sourceTree = "<group>"; };
		AAAA0000000000000000000F /* ProtocolsView.swift */ = {isa = PBXFileReference; lastKnownFileType = sourcecode.swift; path = ProtocolsView.swift; sourceTree = "<group>"; };
		AAAA00000000000000000010 /* RootView.swift */ = {isa = PBXFileReference; lastKnownFileType = sourcecode.swift; path = RootView.swift; sourceTree = "<group>"; };
		AAAA00000000000000000011 /* SelectView.swift */ = {isa = PBXFileReference; lastKnownFileType = sourcecode.swift; path = SelectView.swift; sourceTree = "<group>"; };
		AAAA00000000000000000012 /* SettingsView.swift */ = {isa = PBXFileReference; lastKnownFileType = sourcecode.swift; path = SettingsView.swift; sourceTree = "<group>"; };
		AAAA00000000000000000013 /* StuckView.swift */ = {isa = PBXFileReference; lastKnownFileType = sourcecode.swift; path = StuckView.swift; sourceTree = "<group>"; };
		AAAA00000000000000000014 /* WindDownView.swift */ = {isa = PBXFileReference; lastKnownFileType = sourcecode.swift; path = WindDownView.swift; sourceTree = "<group>"; };
		AAAA00000000000000000015 /* ArenaProtocolTests.swift */ = {isa = PBXFileReference; lastKnownFileType = sourcecode.swift; path = ArenaProtocolTests.swift; sourceTree = "<group>"; };
		AAAA00000000000000000098 /* ArenaProtocolTests.xctest */ = {isa = PBXFileReference; explicitFileType = wrapper.cfbundle; includeInIndex = 0; path = ArenaProtocolTests.xctest; sourceTree = BUILT_PRODUCTS_DIR; };
		AAAA00000000000000000099 /* ArenaProtocol.app */ = {isa = PBXFileReference; explicitFileType = wrapper.application; includeInIndex = 0; path = ArenaProtocol.app; sourceTree = BUILT_PRODUCTS_DIR; };
/* End PBXFileReference section */

/* Begin PBXFrameworksBuildPhase section */
		1111000000000000000000A3 /* Frameworks */ = {
			isa = PBXFrameworksBuildPhase;
			buildActionMask = 2147483647;
			files = (
			);
			runOnlyForDeploymentPostprocessing = 0;
		};
		1111000000000000000000B2 /* Frameworks */ = {
			isa = PBXFrameworksBuildPhase;
			buildActionMask = 2147483647;
			files = (
			);
			runOnlyForDeploymentPostprocessing = 0;
		};
/* End PBXFrameworksBuildPhase section */

/* Begin PBXGroup section */
		DDDD00000000000000000001 /* root */ = {
			isa = PBXGroup;
			children = (
				DDDD00000000000000000002 /* ArenaProtocol */,
				DDDD00000000000000000007 /* Tests */,
				DDDD00000000000000000009 /* Products */,
			);
			sourceTree = "<group>";
		};
		DDDD00000000000000000002 /* ArenaProtocol */ = {
			isa = PBXGroup;
			children = (
				AAAA00000000000000000001 /* ArenaProtocolApp.swift */,
				DDDD00000000000000000003 /* Components */,
				DDDD00000000000000000004 /* Models */,
				DDDD00000000000000000005 /* Resources */,
				DDDD00000000000000000006 /* Views */,
			);
			path = ArenaProtocol;
			sourceTree = "<group>";
		};
		DDDD00000000000000000003 /* Components */ = {
			isa = PBXGroup;
			children = (
				AAAA00000000000000000002 /* AppShortcutsBar.swift */,
				AAAA00000000000000000003 /* ArenaCardView.swift */,
				AAAA00000000000000000004 /* CircularTimerView.swift */,
				AAAA00000000000000000005 /* EmberDropModal.swift */,
			);
			path = Components;
			sourceTree = "<group>";
		};
		DDDD00000000000000000004 /* Models */ = {
			isa = PBXGroup;
			children = (
				AAAA00000000000000000006 /* DataStore.swift */,
			);
			path = Models;
			sourceTree = "<group>";
		};
		DDDD00000000000000000005 /* Resources */ = {
			isa = PBXGroup;
			children = (
				AAAA00000000000000000007 /* Info.plist */,
			);
			path = Resources;
			sourceTree = "<group>";
		};
		DDDD00000000000000000006 /* Views */ = {
			isa = PBXGroup;
			children = (
				AAAA00000000000000000008 /* ActiveSessionView.swift */,
				AAAA00000000000000000009 /* ArenaEditorView.swift */,
				AAAA0000000000000000000A /* HabitManagerView.swift */,
				AAAA0000000000000000000B /* HistoryView.swift */,
				AAAA0000000000000000000C /* HomeView.swift */,
				AAAA0000000000000000000D /* MorningCheckinView.swift */,
				AAAA0000000000000000000E /* NotesView.swift */,
				AAAA0000000000000000000F /* ProtocolsView.swift */,
				AAAA00000000000000000010 /* RootView.swift */,
				AAAA00000000000000000011 /* SelectView.swift */,
				AAAA00000000000000000012 /* SettingsView.swift */,
				AAAA00000000000000000013 /* StuckView.swift */,
				AAAA00000000000000000014 /* WindDownView.swift */,
			);
			path = Views;
			sourceTree = "<group>";
		};
		DDDD00000000000000000007 /* Tests */ = {
			isa = PBXGroup;
			children = (
				DDDD00000000000000000008 /* ArenaProtocolTests */,
			);
			path = Tests;
			sourceTree = "<group>";
		};
		DDDD00000000000000000008 /* ArenaProtocolTests */ = {
			isa = PBXGroup;
			children = (
				AAAA00000000000000000015 /* ArenaProtocolTests.swift */,
			);
			path = ArenaProtocolTests;
			sourceTree = "<group>";
		};
		DDDD00000000000000000009 /* Products */ = {
			isa = PBXGroup;
			children = (
				AAAA00000000000000000099 /* ArenaProtocol.app */,
				AAAA00000000000000000098 /* ArenaProtocolTests.xctest */,
			);
			name = Products;
			sourceTree = "<group>";
		};
/* End PBXGroup section */

/* Begin PBXNativeTarget section */
		EEEE00000000000000000001 /* ArenaProtocol */ = {
			isa = PBXNativeTarget;
			buildConfigurationList = 3333000000000000000000A1 /* Build configuration list for PBXNativeTarget "ArenaProtocol" */;
			buildPhases = (
				1111000000000000000000A1 /* Sources */,
				1111000000000000000000A2 /* Resources */,
				1111000000000000000000A3 /* Frameworks */,
			);
			buildRules = (
			);
			dependencies = (
			);
			name = ArenaProtocol;
			productName = ArenaProtocol;
			productReference = AAAA00000000000000000099 /* ArenaProtocol.app */;
			productType = "com.apple.product-type.application";
		};
		EEEE00000000000000000002 /* ArenaProtocolTests */ = {
			isa = PBXNativeTarget;
			buildConfigurationList = 3333000000000000000000B1 /* Build configuration list for PBXNativeTarget "ArenaProtocolTests" */;
			buildPhases = (
				1111000000000000000000B1 /* Sources */,
				1111000000000000000000B2 /* Frameworks */,
			);
			buildRules = (
			);
			dependencies = (
				TTTT00000000000000000001 /* PBXTargetDependency */,
			);
			name = ArenaProtocolTests;
			productName = ArenaProtocolTests;
			productReference = AAAA00000000000000000098 /* ArenaProtocolTests.xctest */;
			productType = "com.apple.product-type.bundle.unit-test";
		};
/* End PBXNativeTarget section */

/* Begin PBXProject section */
		FFFF00000000000000000001 /* Project object */ = {
			isa = PBXProject;
			attributes = {
				BuildIndependentTargetsInParallel = 1;
				LastUpgradeCheck = 1600;
				TargetAttributes = {
					EEEE00000000000000000001 = {
						CreatedOnToolsVersion = 16.0;
					};
					EEEE00000000000000000002 = {
						CreatedOnToolsVersion = 16.0;
						TestTargetID = EEEE00000000000000000001;
					};
				};
			};
			buildConfigurationList = 3333000000000000000000C1 /* Build configuration list for PBXProject "ArenaProtocol" */;
			compatibilityVersion = "Xcode 14.0";
			developmentRegion = en;
			hasScannedForEncodings = 0;
			knownRegions = (
				en,
				Base,
			);
			mainGroup = DDDD00000000000000000001;
			productRefGroup = DDDD00000000000000000009 /* Products */;
			projectDirPath = "";
			projectRoot = "";
			targets = (
				EEEE00000000000000000001 /* ArenaProtocol */,
				EEEE00000000000000000002 /* ArenaProtocolTests */,
			);
		};
/* End PBXProject section */

/* Begin PBXResourcesBuildPhase section */
		1111000000000000000000A2 /* Resources */ = {
			isa = PBXResourcesBuildPhase;
			buildActionMask = 2147483647;
			files = (
			);
			runOnlyForDeploymentPostprocessing = 0;
		};
/* End PBXResourcesBuildPhase section */

/* Begin PBXSourcesBuildPhase section */
		1111000000000000000000A1 /* Sources */ = {
			isa = PBXSourcesBuildPhase;
			buildActionMask = 2147483647;
			files = (
				BBBB00000000000000000001 /* ArenaProtocolApp.swift in Sources */,
				BBBB00000000000000000002 /* AppShortcutsBar.swift in Sources */,
				BBBB00000000000000000003 /* ArenaCardView.swift in Sources */,
				BBBB00000000000000000004 /* CircularTimerView.swift in Sources */,
				BBBB00000000000000000005 /* EmberDropModal.swift in Sources */,
				BBBB00000000000000000006 /* DataStore.swift in Sources */,
				BBBB00000000000000000008 /* ActiveSessionView.swift in Sources */,
				BBBB00000000000000000009 /* ArenaEditorView.swift in Sources */,
				BBBB0000000000000000000A /* HabitManagerView.swift in Sources */,
				BBBB0000000000000000000B /* HistoryView.swift in Sources */,
				BBBB0000000000000000000C /* HomeView.swift in Sources */,
				BBBB0000000000000000000D /* MorningCheckinView.swift in Sources */,
				BBBB0000000000000000000E /* NotesView.swift in Sources */,
				BBBB0000000000000000000F /* ProtocolsView.swift in Sources */,
				BBBB00000000000000000010 /* RootView.swift in Sources */,
				BBBB00000000000000000011 /* SelectView.swift in Sources */,
				BBBB00000000000000000012 /* SettingsView.swift in Sources */,
				BBBB00000000000000000013 /* StuckView.swift in Sources */,
				BBBB00000000000000000014 /* WindDownView.swift in Sources */,
			);
			runOnlyForDeploymentPostprocessing = 0;
		};
		1111000000000000000000B1 /* Sources */ = {
			isa = PBXSourcesBuildPhase;
			buildActionMask = 2147483647;
			files = (
				CCCC00000000000000000001 /* ArenaProtocolTests.swift in Sources */,
			);
			runOnlyForDeploymentPostprocessing = 0;
		};
/* End PBXSourcesBuildPhase section */

/* Begin PBXTargetDependency section */
		TTTT00000000000000000001 /* PBXTargetDependency */ = {
			isa = PBXTargetDependency;
			target = EEEE00000000000000000001 /* ArenaProtocol */;
			targetProxy = TTTT00000000000000000002 /* PBXContainerItemProxy */;
		};
/* End PBXTargetDependency section */

/* Begin XCBuildConfiguration section */
		2222000000000000000000A1 /* Debug */ = {
			isa = XCBuildConfiguration;
			buildSettings = {
				ASSETCATALOG_COMPILER_APPICON_NAME = AppIcon;
				CODE_SIGN_STYLE = Automatic;
				CURRENT_PROJECT_VERSION = 1;
				DEVELOPMENT_TEAM = $(DEVELOPMENT_TEAM);
				ENABLE_PREVIEWS = YES;
				GENERATE_INFOPLIST_FILE = NO;
				INFOPLIST_FILE = "ArenaProtocol/Resources/Info.plist";
				IPHONEOS_DEPLOYMENT_TARGET = 18.0;
				LD_RUNPATH_SEARCH_PATHS = (
					"$(inherited)",
					"@executable_path/Frameworks",
				);
				MARKETING_VERSION = 2.0;
				PRODUCT_BUNDLE_IDENTIFIER = "com.arenaprotocol.app";
				PRODUCT_NAME = "$(TARGET_NAME)";
				SWIFT_EMIT_LOC_STRINGS = YES;
				SWIFT_VERSION = 6.0;
				TARGETED_DEVICE_FAMILY = 1;
			};
			name = Debug;
		};
		2222000000000000000000A2 /* Release */ = {
			isa = XCBuildConfiguration;
			buildSettings = {
				ASSETCATALOG_COMPILER_APPICON_NAME = AppIcon;
				CODE_SIGN_STYLE = Automatic;
				CURRENT_PROJECT_VERSION = 1;
				DEVELOPMENT_TEAM = $(DEVELOPMENT_TEAM);
				ENABLE_PREVIEWS = YES;
				GENERATE_INFOPLIST_FILE = NO;
				INFOPLIST_FILE = "ArenaProtocol/Resources/Info.plist";
				IPHONEOS_DEPLOYMENT_TARGET = 18.0;
				LD_RUNPATH_SEARCH_PATHS = (
					"$(inherited)",
					"@executable_path/Frameworks",
				);
				MARKETING_VERSION = 2.0;
				PRODUCT_BUNDLE_IDENTIFIER = "com.arenaprotocol.app";
				PRODUCT_NAME = "$(TARGET_NAME)";
				SWIFT_EMIT_LOC_STRINGS = YES;
				SWIFT_VERSION = 6.0;
				TARGETED_DEVICE_FAMILY = 1;
			};
			name = Release;
		};
		2222000000000000000000B1 /* Debug */ = {
			isa = XCBuildConfiguration;
			buildSettings = {
				BUNDLE_LOADER = "$(TEST_HOST)";
				CODE_SIGN_STYLE = Automatic;
				CURRENT_PROJECT_VERSION = 1;
				DEVELOPMENT_TEAM = $(DEVELOPMENT_TEAM);
				GENERATE_INFOPLIST_FILE = YES;
				IPHONEOS_DEPLOYMENT_TARGET = 18.0;
				MARKETING_VERSION = 1.0;
				PRODUCT_BUNDLE_IDENTIFIER = "com.arenaprotocol.app.tests";
				PRODUCT_NAME = "$(TARGET_NAME)";
				SWIFT_VERSION = 6.0;
				TARGETED_DEVICE_FAMILY = 1;
				TEST_HOST = "$(BUILT_PRODUCTS_DIR)/ArenaProtocol.app/ArenaProtocol";
			};
			name = Debug;
		};
		2222000000000000000000B2 /* Release */ = {
			isa = XCBuildConfiguration;
			buildSettings = {
				BUNDLE_LOADER = "$(TEST_HOST)";
				CODE_SIGN_STYLE = Automatic;
				CURRENT_PROJECT_VERSION = 1;
				DEVELOPMENT_TEAM = $(DEVELOPMENT_TEAM);
				GENERATE_INFOPLIST_FILE = YES;
				IPHONEOS_DEPLOYMENT_TARGET = 18.0;
				MARKETING_VERSION = 1.0;
				PRODUCT_BUNDLE_IDENTIFIER = "com.arenaprotocol.app.tests";
				PRODUCT_NAME = "$(TARGET_NAME)";
				SWIFT_VERSION = 6.0;
				TARGETED_DEVICE_FAMILY = 1;
				TEST_HOST = "$(BUILT_PRODUCTS_DIR)/ArenaProtocol.app/ArenaProtocol";
			};
			name = Release;
		};
		2222000000000000000000C1 /* Debug */ = {
			isa = XCBuildConfiguration;
			buildSettings = {
				ALWAYS_SEARCH_USER_PATHS = NO;
				CLANG_ANALYZER_NONNULL = YES;
				CLANG_ANALYZER_NUMBER_OBJECT_CONVERSION = YES_AGGRESSIVE;
				CLANG_CXX_LANGUAGE_STANDARD = "gnu++20";
				CLANG_ENABLE_MODULES = YES;
				CLANG_ENABLE_OBJC_ARC = YES;
				CLANG_ENABLE_OBJC_WEAK = YES;
				CLANG_WARN_BLOCK_CAPTURE_AUTORELEASING = YES;
				CLANG_WARN_BOOL_CONVERSION = YES;
				CLANG_WARN_COMMA = YES;
				CLANG_WARN_CONSTANT_CONVERSION = YES;
				CLANG_WARN_DEPRECATED_OBJC_IMPLEMENTATIONS = YES;
				CLANG_WARN_DIRECT_OBJC_ISA_USAGE = YES_ERROR;
				CLANG_WARN_DOCUMENTATION_COMMENTS = YES;
				CLANG_WARN_EMPTY_BODY = YES;
				CLANG_WARN_ENUM_CONVERSION = YES;
				CLANG_WARN_INFINITE_RECURSION = YES;
				CLANG_WARN_INT_CONVERSION = YES;
				CLANG_WARN_NON_LITERAL_NULL_CONVERSION = YES;
				CLANG_WARN_OBJC_IMPLICIT_RETAIN_SELF = YES;
				CLANG_WARN_OBJC_LITERAL_CONVERSION = YES;
				CLANG_WARN_OBJC_ROOT_CLASS = YES_ERROR;
				CLANG_WARN_QUOTED_INCLUDE_IN_FRAMEWORK_HEADER = YES;
				CLANG_WARN_RANGE_LOOP_ANALYSIS = YES;
				CLANG_WARN_STRICT_PROTOTYPES = YES;
				CLANG_WARN_SUSPICIOUS_MOVE = YES;
				CLANG_WARN_UNGUARDED_AVAILABILITY = YES_AGGRESSIVE;
				CLANG_WARN_UNREACHABLE_CODE = YES;
				CLANG_WARN__DUPLICATE_METHOD_MATCH = YES;
				COPY_PHASE_STRIP = NO;
				DEBUG_INFORMATION_FORMAT = dwarf;
				ENABLE_STRICT_OBJC_MSGSEND = YES;
				ENABLE_TESTABILITY = YES;
				GCC_C_LANGUAGE_STANDARD = gnu11;
				GCC_DYNAMIC_NO_PIC = NO;
				GCC_NO_COMMON_BLOCKS = YES;
				GCC_OPTIMIZATION_LEVEL = 0;
				GCC_PREPROCESSOR_DEFINITIONS = (
					"DEBUG=1",
					"$(inherited)",
				);
				GCC_WARN_64_TO_32_BIT_CONVERSION = YES;
				GCC_WARN_ABOUT_RETURN_TYPE = YES_ERROR;
				GCC_WARN_UNDECLARED_SELECTOR = YES;
				GCC_WARN_UNINITIALIZED_AUTOS = YES_AGGRESSIVE;
				GCC_WARN_UNUSED_FUNCTION = YES;
				GCC_WARN_UNUSED_VARIABLE = YES;
				IPHONEOS_DEPLOYMENT_TARGET = 18.0;
				MTL_ENABLE_DEBUG_INFO = INCLUDE_SOURCE;
				MTL_FAST_MATH = YES;
				ONLY_ACTIVE_ARCH = YES;
				SDKROOT = iphoneos;
				SWIFT_ACTIVE_COMPILATION_CONDITIONS = DEBUG;
				SWIFT_OPTIMIZATION_LEVEL = "-Onone";
			};
			name = Debug;
		};
		2222000000000000000000C2 /* Release */ = {
			isa = XCBuildConfiguration;
			buildSettings = {
				ALWAYS_SEARCH_USER_PATHS = NO;
				CLANG_ANALYZER_NONNULL = YES;
				CLANG_ANALYZER_NUMBER_OBJECT_CONVERSION = YES_AGGRESSIVE;
				CLANG_CXX_LANGUAGE_STANDARD = "gnu++20";
				CLANG_ENABLE_MODULES = YES;
				CLANG_ENABLE_OBJC_ARC = YES;
				CLANG_ENABLE_OBJC_WEAK = YES;
				CLANG_WARN_BLOCK_CAPTURE_AUTORELEASING = YES;
				CLANG_WARN_BOOL_CONVERSION = YES;
				CLANG_WARN_COMMA = YES;
				CLANG_WARN_CONSTANT_CONVERSION = YES;
				CLANG_WARN_DEPRECATED_OBJC_IMPLEMENTATIONS = YES;
				CLANG_WARN_DIRECT_OBJC_ISA_USAGE = YES_ERROR;
				CLANG_WARN_DOCUMENTATION_COMMENTS = YES;
				CLANG_WARN_EMPTY_BODY = YES;
				CLANG_WARN_ENUM_CONVERSION = YES;
				CLANG_WARN_INFINITE_RECURSION = YES;
				CLANG_WARN_INT_CONVERSION = YES;
				CLANG_WARN_NON_LITERAL_NULL_CONVERSION = YES;
				CLANG_WARN_OBJC_IMPLICIT_RETAIN_SELF = YES;
				CLANG_WARN_OBJC_LITERAL_CONVERSION = YES;
				CLANG_WARN_OBJC_ROOT_CLASS = YES_ERROR;
				CLANG_WARN_QUOTED_INCLUDE_IN_FRAMEWORK_HEADER = YES;
				CLANG_WARN_RANGE_LOOP_ANALYSIS = YES;
				CLANG_WARN_STRICT_PROTOTYPES = YES;
				CLANG_WARN_SUSPICIOUS_MOVE = YES;
				CLANG_WARN_UNGUARDED_AVAILABILITY = YES_AGGRESSIVE;
				CLANG_WARN_UNREACHABLE_CODE = YES;
				CLANG_WARN__DUPLICATE_METHOD_MATCH = YES;
				COPY_PHASE_STRIP = NO;
				DEBUG_INFORMATION_FORMAT = "dwarf-with-dsym";
				ENABLE_NS_ASSERTIONS = NO;
				ENABLE_STRICT_OBJC_MSGSEND = YES;
				GCC_C_LANGUAGE_STANDARD = gnu11;
				GCC_NO_COMMON_BLOCKS = YES;
				GCC_WARN_64_TO_32_BIT_CONVERSION = YES;
				GCC_WARN_ABOUT_RETURN_TYPE = YES_ERROR;
				GCC_WARN_UNDECLARED_SELECTOR = YES;
				GCC_WARN_UNINITIALIZED_AUTOS = YES_AGGRESSIVE;
				GCC_WARN_UNUSED_FUNCTION = YES;
				GCC_WARN_UNUSED_VARIABLE = YES;
				IPHONEOS_DEPLOYMENT_TARGET = 18.0;
				MTL_ENABLE_DEBUG_INFO = NO;
				MTL_FAST_MATH = YES;
				SDKROOT = iphoneos;
				SWIFT_COMPILATION_MODE = wholemodule;
				SWIFT_OPTIMIZATION_LEVEL = "-O";
				VALIDATE_PRODUCT = YES;
			};
			name = Release;
		};
/* End XCBuildConfiguration section */

/* Begin XCConfigurationList section */
		3333000000000000000000A1 /* Build configuration list for PBXNativeTarget "ArenaProtocol" */ = {
			isa = XCConfigurationList;
			buildConfigurations = (
				2222000000000000000000A1 /* Debug */,
				2222000000000000000000A2 /* Release */,
			);
			defaultConfigurationIsVisible = 0;
			defaultConfigurationName = Release;
		};
		3333000000000000000000B1 /* Build configuration list for PBXNativeTarget "ArenaProtocolTests" */ = {
			isa = XCConfigurationList;
			buildConfigurations = (
				2222000000000000000000B1 /* Debug */,
				2222000000000000000000B2 /* Release */,
			);
			defaultConfigurationIsVisible = 0;
			defaultConfigurationName = Release;
		};
		3333000000000000000000C1 /* Build configuration list for PBXProject "ArenaProtocol" */ = {
			isa = XCConfigurationList;
			buildConfigurations = (
				2222000000000000000000C1 /* Debug */,
				2222000000000000000000C2 /* Release */,
			);
			defaultConfigurationIsVisible = 0;
			defaultConfigurationName = Release;
		};
/* End XCConfigurationList section */

	};
	rootObject = FFFF00000000000000000001 /* Project object */;
}
